lockfileVersion: '9.0'

settings:
  autoInstallPeers: true
  excludeLinksFromLockfile: false

importers:

  .:
    dependencies:
      '@tabler/icons-react':
        specifier: ^3.31.0
        version: 3.31.0(react@19.1.0)

packages:

  '@tabler/icons-react@3.31.0':
    resolution: {integrity: sha512-2rrCM5y/VnaVKnORpDdAua9SEGuJKVqPtWxeQ/vUVsgaUx30LDgBZph7/lterXxDY1IKR6NO//HDhWiifXTi3w==}
    peerDependencies:
      react: '>= 16'

  '@tabler/icons@3.31.0':
    resolution: {integrity: sha512-dblAdeKY3+GA1U+Q9eziZ0ooVlZMHsE8dqP0RkwvRtEsAULoKOYaCUOcJ4oW1DjWegdxk++UAt2SlQVnmeHv+g==}

  react@19.1.0:
    resolution: {integrity: sha512-FS+XFBNvn3GTAWq26joslQgWNoFu08F4kl0J4CgdNKADkdSGXQyTCnKteIAJy96Br6YbpEU1LSzV5dYtjMkMDg==}
    engines: {node: '>=0.10.0'}

snapshots:

  '@tabler/icons-react@3.31.0(react@19.1.0)':
    dependencies:
      '@tabler/icons': 3.31.0
      react: 19.1.0

  '@tabler/icons@3.31.0': {}

  react@19.1.0: {}
